
Microsoft Visual Studio Solution File, Format Version 12.00
# Visual Studio Version 17
VisualStudioVersion = 17.0.32112.339
MinimumVisualStudioVersion = 10.0.40219.1
Project("{FAE04EC0-301F-11D3-BF4B-00C04F79EFBC}") = "InventoryManagementSystem", "InventoryManagementSystem.csproj", "{ABB87A3A-6F82-4987-B295-1D8E968A03D6}"
EndProject
Global
	GlobalSection(SolutionConfigurationPlatforms) = preSolution
		Debug|Any CPU = Debug|Any CPU
		Release|Any CPU = Release|Any CPU
	EndGlobalSection
	GlobalSection(ProjectConfigurationPlatforms) = postSolution
		{ABB87A3A-6F82-4987-B295-1D8E968A03D6}.Debug|Any CPU.ActiveCfg = Debug|Any CPU
		{ABB87A3A-6F82-4987-B295-1D8E968A03D6}.Debug|Any CPU.Build.0 = Debug|Any CPU
		{ABB87A3A-6F82-4987-B295-1D8E968A03D6}.Release|Any CPU.ActiveCfg = Release|Any CPU
		{ABB87A3A-6F82-4987-B295-1D8E968A03D6}.Release|Any CPU.Build.0 = Release|Any CPU
	EndGlobalSection
	GlobalSection(SolutionProperties) = preSolution
		HideSolutionNode = FALSE
	EndGlobalSection
	GlobalSection(ExtensibilityGlobals) = postSolution
		SolutionGuid = {E747F833-D7F8-491E-B2DD-03B40A35A9E1}
	EndGlobalSection
EndGlobal
